// !$*UTF8*$!
{
	archiveVersion = 1;
	classes = {
	};
	objectVersion = 50;
	objects = {

/* Begin PBXBuildFile section */
		50314B632736E92D00C6E156 /* Benchmark.swift in Sources */ = {isa = PBXBuildFile; fileRef = 50314B622736E92D00C6E156 /* Benchmark.swift */; };
		504E2BB02739AE1C00D24625 /* OperationManager.swift in Sources */ = {isa = PBXBuildFile; fileRef = 504E2BAF2739AE1C00D24625 /* OperationManager.swift */; };
		504E2BB22739AE6300D24625 /* Operation.swift in Sources */ = {isa = PBXBuildFile; fileRef = 504E2BB12739AE6300D24625 /* Operation.swift */; };
		50A4837E27353A7C0056C11F /* FeatureProvider.swift in Sources */ = {isa = PBXBuildFile; fileRef = 50A4837D27353A7C0056C11F /* FeatureProvider.swift */; };
		50A833AC25937B1900554D6D /* MeasurePerformanceApp.swift in Sources */ = {isa = PBXBuildFile; fileRef = 50A833AB25937B1900554D6D /* MeasurePerformanceApp.swift */; };
		50A833AE25937B1900554D6D /* ContentView.swift in Sources */ = {isa = PBXBuildFile; fileRef = 50A833AD25937B1900554D6D /* ContentView.swift */; };
		50A833B025937B1B00554D6D /* Assets.xcassets in Resources */ = {isa = PBXBuildFile; fileRef = 50A833AF25937B1B00554D6D /* Assets.xcassets */; };
		50A833B325937B1B00554D6D /* Preview Assets.xcassets in Resources */ = {isa = PBXBuildFile; fileRef = 50A833B225937B1B00554D6D /* Preview Assets.xcassets */; };
		50A833BE25937B1B00554D6D /* MeasurePerformanceTests.swift in Sources */ = {isa = PBXBuildFile; fileRef = 50A833BD25937B1B00554D6D /* MeasurePerformanceTests.swift */; };
		50A833C925937B1C00554D6D /* MeasurePerformanceUITests.swift in Sources */ = {isa = PBXBuildFile; fileRef = 50A833C825937B1C00554D6D /* MeasurePerformanceUITests.swift */; };
		50A833DB25937B7A00554D6D /* UIImage+CVPixelBuffer.swift in Sources */ = {isa = PBXBuildFile; fileRef = 50A833DA25937B7A00554D6D /* UIImage+CVPixelBuffer.swift */; };
		50A833EA25937C0900554D6D /* test_image1.png in Resources */ = {isa = PBXBuildFile; fileRef = 50A833E925937C0900554D6D /* test_image1.png */; };
		50DDC14A2885938B0091CAEC /* FEAR-XS-NoEmbs.mlmodel in Sources */ = {isa = PBXBuildFile; fileRef = 50DDC1492885938B0091CAEC /* FEAR-XS-NoEmbs.mlmodel */; };
		8B88C8EC27356BDC00D71A86 /* Logger.swift in Sources */ = {isa = PBXBuildFile; fileRef = 8B88C8EB27356BDC00D71A86 /* Logger.swift */; };
		8B88C8EE27356CAF00D71A86 /* Event.swift in Sources */ = {isa = PBXBuildFile; fileRef = 8B88C8ED27356CAF00D71A86 /* Event.swift */; };
/* End PBXBuildFile section */

/* Begin PBXContainerItemProxy section */
		50A833BA25937B1B00554D6D /* PBXContainerItemProxy */ = {
			isa = PBXContainerItemProxy;
			containerPortal = 50A833A025937B1900554D6D /* Project object */;
			proxyType = 1;
			remoteGlobalIDString = 50A833A725937B1900554D6D;
			remoteInfo = MeasurePerformance;
		};
		50A833C525937B1C00554D6D /* PBXContainerItemProxy */ = {
			isa = PBXContainerItemProxy;
			containerPortal = 50A833A025937B1900554D6D /* Project object */;
			proxyType = 1;
			remoteGlobalIDString = 50A833A725937B1900554D6D;
			remoteInfo = MeasurePerformance;
		};
/* End PBXContainerItemProxy section */

/* Begin PBXFileReference section */
		50314B622736E92D00C6E156 /* Benchmark.swift */ = {isa = PBXFileReference; indentWidth = 4; lastKnownFileType = sourcecode.swift; path = Benchmark.swift; sourceTree = "<group>"; tabWidth = 4; };
		504E2BAF2739AE1C00D24625 /* OperationManager.swift */ = {isa = PBXFileReference; indentWidth = 4; lastKnownFileType = sourcecode.swift; path = OperationManager.swift; sourceTree = "<group>"; tabWidth = 4; };
		504E2BB12739AE6300D24625 /* Operation.swift */ = {isa = PBXFileReference; indentWidth = 4; lastKnownFileType = sourcecode.swift; path = Operation.swift; sourceTree = "<group>"; tabWidth = 4; };
		50A4837D27353A7C0056C11F /* FeatureProvider.swift */ = {isa = PBXFileReference; indentWidth = 4; lastKnownFileType = sourcecode.swift; path = FeatureProvider.swift; sourceTree = "<group>"; tabWidth = 4; };
		50A833A825937B1900554D6D /* MeasurePerformance.app */ = {isa = PBXFileReference; explicitFileType = wrapper.application; includeInIndex = 0; path = MeasurePerformance.app; sourceTree = BUILT_PRODUCTS_DIR; };
		50A833AB25937B1900554D6D /* MeasurePerformanceApp.swift */ = {isa = PBXFileReference; lastKnownFileType = sourcecode.swift; path = MeasurePerformanceApp.swift; sourceTree = "<group>"; };
		50A833AD25937B1900554D6D /* ContentView.swift */ = {isa = PBXFileReference; indentWidth = 4; lastKnownFileType = sourcecode.swift; path = ContentView.swift; sourceTree = "<group>"; tabWidth = 4; };
		50A833AF25937B1B00554D6D /* Assets.xcassets */ = {isa = PBXFileReference; lastKnownFileType = folder.assetcatalog; path = Assets.xcassets; sourceTree = "<group>"; };
		50A833B225937B1B00554D6D /* Preview Assets.xcassets */ = {isa = PBXFileReference; lastKnownFileType = folder.assetcatalog; path = "Preview Assets.xcassets"; sourceTree = "<group>"; };
		50A833B425937B1B00554D6D /* Info.plist */ = {isa = PBXFileReference; lastKnownFileType = text.plist.xml; path = Info.plist; sourceTree = "<group>"; };
		50A833B925937B1B00554D6D /* MeasurePerformanceTests.xctest */ = {isa = PBXFileReference; explicitFileType = wrapper.cfbundle; includeInIndex = 0; path = MeasurePerformanceTests.xctest; sourceTree = BUILT_PRODUCTS_DIR; };
		50A833BD25937B1B00554D6D /* MeasurePerformanceTests.swift */ = {isa = PBXFileReference; lastKnownFileType = sourcecode.swift; path = MeasurePerformanceTests.swift; sourceTree = "<group>"; };
		50A833BF25937B1B00554D6D /* Info.plist */ = {isa = PBXFileReference; lastKnownFileType = text.plist.xml; path = Info.plist; sourceTree = "<group>"; };
		50A833C425937B1C00554D6D /* MeasurePerformanceUITests.xctest */ = {isa = PBXFileReference; explicitFileType = wrapper.cfbundle; includeInIndex = 0; path = MeasurePerformanceUITests.xctest; sourceTree = BUILT_PRODUCTS_DIR; };
		50A833C825937B1C00554D6D /* MeasurePerformanceUITests.swift */ = {isa = PBXFileReference; lastKnownFileType = sourcecode.swift; path = MeasurePerformanceUITests.swift; sourceTree = "<group>"; };
		50A833CA25937B1C00554D6D /* Info.plist */ = {isa = PBXFileReference; lastKnownFileType = text.plist.xml; path = Info.plist; sourceTree = "<group>"; };
		50A833DA25937B7A00554D6D /* UIImage+CVPixelBuffer.swift */ = {isa = PBXFileReference; fileEncoding = 4; lastKnownFileType = sourcecode.swift; path = "UIImage+CVPixelBuffer.swift"; sourceTree = "<group>"; };
		50A833E925937C0900554D6D /* test_image1.png */ = {isa = PBXFileReference; lastKnownFileType = image.png; path = test_image1.png; sourceTree = "<group>"; };
		50A833FC25937CAC00554D6D /* README.md */ = {isa = PBXFileReference; lastKnownFileType = net.daringfireball.markdown; path = README.md; sourceTree = SOURCE_ROOT; };
		50DDC1492885938B0091CAEC /* FEAR-XS-NoEmbs.mlmodel */ = {isa = PBXFileReference; lastKnownFileType = file.mlmodel; path = "FEAR-XS-NoEmbs.mlmodel"; sourceTree = "<group>"; };
		8B88C8EB27356BDC00D71A86 /* Logger.swift */ = {isa = PBXFileReference; indentWidth = 4; lastKnownFileType = sourcecode.swift; path = Logger.swift; sourceTree = "<group>"; tabWidth = 4; };
		8B88C8ED27356CAF00D71A86 /* Event.swift */ = {isa = PBXFileReference; indentWidth = 4; lastKnownFileType = sourcecode.swift; path = Event.swift; sourceTree = "<group>"; tabWidth = 4; };
/* End PBXFileReference section */

/* Begin PBXFrameworksBuildPhase section */
		50A833A525937B1900554D6D /* Frameworks */ = {
			isa = PBXFrameworksBuildPhase;
			buildActionMask = 2147483647;
			files = (
			);
			runOnlyForDeploymentPostprocessing = 0;
		};
		50A833B625937B1B00554D6D /* Frameworks */ = {
			isa = PBXFrameworksBuildPhase;
			buildActionMask = 2147483647;
			files = (
			);
			runOnlyForDeploymentPostprocessing = 0;
		};
		50A833C125937B1C00554D6D /* Frameworks */ = {
			isa = PBXFrameworksBuildPhase;
			buildActionMask = 2147483647;
			files = (
			);
			runOnlyForDeploymentPostprocessing = 0;
		};
/* End PBXFrameworksBuildPhase section */

/* Begin PBXGroup section */
		50A8339F25937B1900554D6D = {
			isa = PBXGroup;
			children = (
				50A833AA25937B1900554D6D /* MeasurePerformance */,
				50A833BC25937B1B00554D6D /* MeasurePerformanceTests */,
				50A833C725937B1C00554D6D /* MeasurePerformanceUITests */,
				50A833A925937B1900554D6D /* Products */,
			);
			sourceTree = "<group>";
		};
		50A833A925937B1900554D6D /* Products */ = {
			isa = PBXGroup;
			children = (
				50A833A825937B1900554D6D /* MeasurePerformance.app */,
				50A833B925937B1B00554D6D /* MeasurePerformanceTests.xctest */,
				50A833C425937B1C00554D6D /* MeasurePerformanceUITests.xctest */,
			);
			name = Products;
			sourceTree = "<group>";
		};
		50A833AA25937B1900554D6D /* MeasurePerformance */ = {
			isa = PBXGroup;
			children = (
				50A833E025937B9B00554D6D /* images */,
				50A833DF25937B9100554D6D /* models */,
				50A833D925937B6300554D6D /* helpers */,
				50A833AB25937B1900554D6D /* MeasurePerformanceApp.swift */,
				50A833AD25937B1900554D6D /* ContentView.swift */,
				50A833AF25937B1B00554D6D /* Assets.xcassets */,
				50A833B425937B1B00554D6D /* Info.plist */,
				50A833B125937B1B00554D6D /* Preview Content */,
				50A833FC25937CAC00554D6D /* README.md */,
				50A4837D27353A7C0056C11F /* FeatureProvider.swift */,
			);
			path = MeasurePerformance;
			sourceTree = "<group>";
		};
		50A833B125937B1B00554D6D /* Preview Content */ = {
			isa = PBXGroup;
			children = (
				50A833B225937B1B00554D6D /* Preview Assets.xcassets */,
			);
			path = "Preview Content";
			sourceTree = "<group>";
		};
		50A833BC25937B1B00554D6D /* MeasurePerformanceTests */ = {
			isa = PBXGroup;
			children = (
				50A833BD25937B1B00554D6D /* MeasurePerformanceTests.swift */,
				50A833BF25937B1B00554D6D /* Info.plist */,
			);
			path = MeasurePerformanceTests;
			sourceTree = "<group>";
		};
		50A833C725937B1C00554D6D /* MeasurePerformanceUITests */ = {
			isa = PBXGroup;
			children = (
				50A833C825937B1C00554D6D /* MeasurePerformanceUITests.swift */,
				50A833CA25937B1C00554D6D /* Info.plist */,
			);
			path = MeasurePerformanceUITests;
			sourceTree = "<group>";
		};
		50A833D925937B6300554D6D /* helpers */ = {
			isa = PBXGroup;
			children = (
				50A833DA25937B7A00554D6D /* UIImage+CVPixelBuffer.swift */,
				8B88C8ED27356CAF00D71A86 /* Event.swift */,
				8B88C8EB27356BDC00D71A86 /* Logger.swift */,
				50314B622736E92D00C6E156 /* Benchmark.swift */,
				504E2BAF2739AE1C00D24625 /* OperationManager.swift */,
				504E2BB12739AE6300D24625 /* Operation.swift */,
			);
			path = helpers;
			sourceTree = "<group>";
		};
		50A833DF25937B9100554D6D /* models */ = {
			isa = PBXGroup;
			children = (
				50DDC1492885938B0091CAEC /* FEAR-XS-NoEmbs.mlmodel */,
			);
			path = models;
			sourceTree = "<group>";
		};
		50A833E025937B9B00554D6D /* images */ = {
			isa = PBXGroup;
			children = (
				50A833E925937C0900554D6D /* test_image1.png */,
			);
			path = images;
			sourceTree = "<group>";
		};
/* End PBXGroup section */

/* Begin PBXNativeTarget section */
		50A833A725937B1900554D6D /* MeasurePerformance */ = {
			isa = PBXNativeTarget;
			buildConfigurationList = 50A833CD25937B1C00554D6D /* Build configuration list for PBXNativeTarget "MeasurePerformance" */;
			buildPhases = (
				50A833A425937B1900554D6D /* Sources */,
				50A833A525937B1900554D6D /* Frameworks */,
				50A833A625937B1900554D6D /* Resources */,
			);
			buildRules = (
			);
			dependencies = (
			);
			name = MeasurePerformance;
			productName = MeasurePerformance;
			productReference = 50A833A825937B1900554D6D /* MeasurePerformance.app */;
			productType = "com.apple.product-type.application";
		};
		50A833B825937B1B00554D6D /* MeasurePerformanceTests */ = {
			isa = PBXNativeTarget;
			buildConfigurationList = 50A833D025937B1C00554D6D /* Build configuration list for PBXNativeTarget "MeasurePerformanceTests" */;
			buildPhases = (
				50A833B525937B1B00554D6D /* Sources */,
				50A833B625937B1B00554D6D /* Frameworks */,
				50A833B725937B1B00554D6D /* Resources */,
			);
			buildRules = (
			);
			dependencies = (
				50A833BB25937B1B00554D6D /* PBXTargetDependency */,
			);
			name = MeasurePerformanceTests;
			productName = MeasurePerformanceTests;
			productReference = 50A833B925937B1B00554D6D /* MeasurePerformanceTests.xctest */;
			productType = "com.apple.product-type.bundle.unit-test";
		};
		50A833C325937B1C00554D6D /* MeasurePerformanceUITests */ = {
			isa = PBXNativeTarget;
			buildConfigurationList = 50A833D325937B1C00554D6D /* Build configuration list for PBXNativeTarget "MeasurePerformanceUITests" */;
			buildPhases = (
				50A833C025937B1C00554D6D /* Sources */,
				50A833C125937B1C00554D6D /* Frameworks */,
				50A833C225937B1C00554D6D /* Resources */,
			);
			buildRules = (
			);
			dependencies = (
				50A833C625937B1C00554D6D /* PBXTargetDependency */,
			);
			name = MeasurePerformanceUITests;
			productName = MeasurePerformanceUITests;
			productReference = 50A833C425937B1C00554D6D /* MeasurePerformanceUITests.xctest */;
			productType = "com.apple.product-type.bundle.ui-testing";
		};
/* End PBXNativeTarget section */

/* Begin PBXProject section */
		50A833A025937B1900554D6D /* Project object */ = {
			isa = PBXProject;
			attributes = {
				LastSwiftUpdateCheck = 1220;
				LastUpgradeCheck = 1220;
				TargetAttributes = {
					50A833A725937B1900554D6D = {
						CreatedOnToolsVersion = 12.2;
					};
					50A833B825937B1B00554D6D = {
						CreatedOnToolsVersion = 12.2;
						TestTargetID = 50A833A725937B1900554D6D;
					};
					50A833C325937B1C00554D6D = {
						CreatedOnToolsVersion = 12.2;
						TestTargetID = 50A833A725937B1900554D6D;
					};
				};
			};
			buildConfigurationList = 50A833A325937B1900554D6D /* Build configuration list for PBXProject "MeasurePerformance" */;
			compatibilityVersion = "Xcode 9.3";
			developmentRegion = en;
			hasScannedForEncodings = 0;
			knownRegions = (
				en,
				Base,
			);
			mainGroup = 50A8339F25937B1900554D6D;
			productRefGroup = 50A833A925937B1900554D6D /* Products */;
			projectDirPath = "";
			projectRoot = "";
			targets = (
				50A833A725937B1900554D6D /* MeasurePerformance */,
				50A833B825937B1B00554D6D /* MeasurePerformanceTests */,
				50A833C325937B1C00554D6D /* MeasurePerformanceUITests */,
			);
		};
/* End PBXProject section */

/* Begin PBXResourcesBuildPhase section */
		50A833A625937B1900554D6D /* Resources */ = {
			isa = PBXResourcesBuildPhase;
			buildActionMask = 2147483647;
			files = (
				50A833B325937B1B00554D6D /* Preview Assets.xcassets in Resources */,
				50A833B025937B1B00554D6D /* Assets.xcassets in Resources */,
				50A833EA25937C0900554D6D /* test_image1.png in Resources */,
			);
			runOnlyForDeploymentPostprocessing = 0;
		};
		50A833B725937B1B00554D6D /* Resources */ = {
			isa = PBXResourcesBuildPhase;
			buildActionMask = 2147483647;
			files = (
			);
			runOnlyForDeploymentPostprocessing = 0;
		};
		50A833C225937B1C00554D6D /* Resources */ = {
			isa = PBXResourcesBuildPhase;
			buildActionMask = 2147483647;
			files = (
			);
			runOnlyForDeploymentPostprocessing = 0;
		};
/* End PBXResourcesBuildPhase section */

/* Begin PBXSourcesBuildPhase section */
		50A833A425937B1900554D6D /* Sources */ = {
			isa = PBXSourcesBuildPhase;
			buildActionMask = 2147483647;
			files = (
				50A833AE25937B1900554D6D /* ContentView.swift in Sources */,
				8B88C8EC27356BDC00D71A86 /* Logger.swift in Sources */,
				50A4837E27353A7C0056C11F /* FeatureProvider.swift in Sources */,
				504E2BB22739AE6300D24625 /* Operation.swift in Sources */,
				50A833DB25937B7A00554D6D /* UIImage+CVPixelBuffer.swift in Sources */,
				50314B632736E92D00C6E156 /* Benchmark.swift in Sources */,
				8B88C8EE27356CAF00D71A86 /* Event.swift in Sources */,
				50A833AC25937B1900554D6D /* MeasurePerformanceApp.swift in Sources */,
				50DDC14A2885938B0091CAEC /* FEAR-XS-NoEmbs.mlmodel in Sources */,
				504E2BB02739AE1C00D24625 /* OperationManager.swift in Sources */,
			);
			runOnlyForDeploymentPostprocessing = 0;
		};
		50A833B525937B1B00554D6D /* Sources */ = {
			isa = PBXSourcesBuildPhase;
			buildActionMask = 2147483647;
			files = (
				50A833BE25937B1B00554D6D /* MeasurePerformanceTests.swift in Sources */,
			);
			runOnlyForDeploymentPostprocessing = 0;
		};
		50A833C025937B1C00554D6D /* Sources */ = {
			isa = PBXSourcesBuildPhase;
			buildActionMask = 2147483647;
			files = (
				50A833C925937B1C00554D6D /* MeasurePerformanceUITests.swift in Sources */,
			);
			runOnlyForDeploymentPostprocessing = 0;
		};
/* End PBXSourcesBuildPhase section */

/* Begin PBXTargetDependency section */
		50A833BB25937B1B00554D6D /* PBXTargetDependency */ = {
			isa = PBXTargetDependency;
			target = 50A833A725937B1900554D6D /* MeasurePerformance */;
			targetProxy = 50A833BA25937B1B00554D6D /* PBXContainerItemProxy */;
		};
		50A833C625937B1C00554D6D /* PBXTargetDependency */ = {
			isa = PBXTargetDependency;
			target = 50A833A725937B1900554D6D /* MeasurePerformance */;
			targetProxy = 50A833C525937B1C00554D6D /* PBXContainerItemProxy */;
		};
/* End PBXTargetDependency section */

/* Begin XCBuildConfiguration section */
		50A833CB25937B1C00554D6D /* Debug */ = {
			isa = XCBuildConfiguration;
			buildSettings = {
				ALWAYS_SEARCH_USER_PATHS = NO;
				CLANG_ANALYZER_NONNULL = YES;
				CLANG_ANALYZER_NUMBER_OBJECT_CONVERSION = YES_AGGRESSIVE;
				CLANG_CXX_LANGUAGE_STANDARD = "gnu++14";
				CLANG_CXX_LIBRARY = "libc++";
				CLANG_ENABLE_MODULES = YES;
				CLANG_ENABLE_OBJC_ARC = YES;
				CLANG_ENABLE_OBJC_WEAK = YES;
				CLANG_WARN_BLOCK_CAPTURE_AUTORELEASING = YES;
				CLANG_WARN_BOOL_CONVERSION = YES;
				CLANG_WARN_COMMA = YES;
				CLANG_WARN_CONSTANT_CONVERSION = YES;
				CLANG_WARN_DEPRECATED_OBJC_IMPLEMENTATIONS = YES;
				CLANG_WARN_DIRECT_OBJC_ISA_USAGE = YES_ERROR;
				CLANG_WARN_DOCUMENTATION_COMMENTS = YES;
				CLANG_WARN_EMPTY_BODY = YES;
				CLANG_WARN_ENUM_CONVERSION = YES;
				CLANG_WARN_INFINITE_RECURSION = YES;
				CLANG_WARN_INT_CONVERSION = YES;
				CLANG_WARN_NON_LITERAL_NULL_CONVERSION = YES;
				CLANG_WARN_OBJC_IMPLICIT_RETAIN_SELF = YES;
				CLANG_WARN_OBJC_LITERAL_CONVERSION = YES;
				CLANG_WARN_OBJC_ROOT_CLASS = YES_ERROR;
				CLANG_WARN_QUOTED_INCLUDE_IN_FRAMEWORK_HEADER = YES;
				CLANG_WARN_RANGE_LOOP_ANALYSIS = YES;
				CLANG_WARN_STRICT_PROTOTYPES = YES;
				CLANG_WARN_SUSPICIOUS_MOVE = YES;
				CLANG_WARN_UNGUARDED_AVAILABILITY = YES_AGGRESSIVE;
				CLANG_WARN_UNREACHABLE_CODE = YES;
				CLANG_WARN__DUPLICATE_METHOD_MATCH = YES;
				COPY_PHASE_STRIP = NO;
				DEBUG_INFORMATION_FORMAT = dwarf;
				ENABLE_STRICT_OBJC_MSGSEND = YES;
				ENABLE_TESTABILITY = YES;
				GCC_C_LANGUAGE_STANDARD = gnu11;
				GCC_DYNAMIC_NO_PIC = NO;
				GCC_NO_COMMON_BLOCKS = YES;
				GCC_OPTIMIZATION_LEVEL = 0;
				GCC_PREPROCESSOR_DEFINITIONS = (
					"DEBUG=1",
					"$(inherited)",
				);
				GCC_WARN_64_TO_32_BIT_CONVERSION = YES;
				GCC_WARN_ABOUT_RETURN_TYPE = YES_ERROR;
				GCC_WARN_UNDECLARED_SELECTOR = YES;
				GCC_WARN_UNINITIALIZED_AUTOS = YES_AGGRESSIVE;
				GCC_WARN_UNUSED_FUNCTION = YES;
				GCC_WARN_UNUSED_VARIABLE = YES;
				IPHONEOS_DEPLOYMENT_TARGET = 14.2;
				MTL_ENABLE_DEBUG_INFO = INCLUDE_SOURCE;
				MTL_FAST_MATH = YES;
				ONLY_ACTIVE_ARCH = YES;
				SDKROOT = iphoneos;
				SWIFT_ACTIVE_COMPILATION_CONDITIONS = DEBUG;
				SWIFT_OPTIMIZATION_LEVEL = "-Onone";
			};
			name = Debug;
		};
		50A833CC25937B1C00554D6D /* Release */ = {
			isa = XCBuildConfiguration;
			buildSettings = {
				ALWAYS_SEARCH_USER_PATHS = NO;
				CLANG_ANALYZER_NONNULL = YES;
				CLANG_ANALYZER_NUMBER_OBJECT_CONVERSION = YES_AGGRESSIVE;
				CLANG_CXX_LANGUAGE_STANDARD = "gnu++14";
				CLANG_CXX_LIBRARY = "libc++";
				CLANG_ENABLE_MODULES = YES;
				CLANG_ENABLE_OBJC_ARC = YES;
				CLANG_ENABLE_OBJC_WEAK = YES;
				CLANG_WARN_BLOCK_CAPTURE_AUTORELEASING = YES;
				CLANG_WARN_BOOL_CONVERSION = YES;
				CLANG_WARN_COMMA = YES;
				CLANG_WARN_CONSTANT_CONVERSION = YES;
				CLANG_WARN_DEPRECATED_OBJC_IMPLEMENTATIONS = YES;
				CLANG_WARN_DIRECT_OBJC_ISA_USAGE = YES_ERROR;
				CLANG_WARN_DOCUMENTATION_COMMENTS = YES;
				CLANG_WARN_EMPTY_BODY = YES;
				CLANG_WARN_ENUM_CONVERSION = YES;
				CLANG_WARN_INFINITE_RECURSION = YES;
				CLANG_WARN_INT_CONVERSION = YES;
				CLANG_WARN_NON_LITERAL_NULL_CONVERSION = YES;
				CLANG_WARN_OBJC_IMPLICIT_RETAIN_SELF = YES;
				CLANG_WARN_OBJC_LITERAL_CONVERSION = YES;
				CLANG_WARN_OBJC_ROOT_CLASS = YES_ERROR;
				CLANG_WARN_QUOTED_INCLUDE_IN_FRAMEWORK_HEADER = YES;
				CLANG_WARN_RANGE_LOOP_ANALYSIS = YES;
				CLANG_WARN_STRICT_PROTOTYPES = YES;
				CLANG_WARN_SUSPICIOUS_MOVE = YES;
				CLANG_WARN_UNGUARDED_AVAILABILITY = YES_AGGRESSIVE;
				CLANG_WARN_UNREACHABLE_CODE = YES;
				CLANG_WARN__DUPLICATE_METHOD_MATCH = YES;
				COPY_PHASE_STRIP = NO;
				DEBUG_INFORMATION_FORMAT = "dwarf-with-dsym";
				ENABLE_NS_ASSERTIONS = NO;
				ENABLE_STRICT_OBJC_MSGSEND = YES;
				GCC_C_LANGUAGE_STANDARD = gnu11;
				GCC_NO_COMMON_BLOCKS = YES;
				GCC_WARN_64_TO_32_BIT_CONVERSION = YES;
				GCC_WARN_ABOUT_RETURN_TYPE = YES_ERROR;
				GCC_WARN_UNDECLARED_SELECTOR = YES;
				GCC_WARN_UNINITIALIZED_AUTOS = YES_AGGRESSIVE;
				GCC_WARN_UNUSED_FUNCTION = YES;
				GCC_WARN_UNUSED_VARIABLE = YES;
				IPHONEOS_DEPLOYMENT_TARGET = 14.2;
				MTL_ENABLE_DEBUG_INFO = NO;
				MTL_FAST_MATH = YES;
				SDKROOT = iphoneos;
				SWIFT_COMPILATION_MODE = wholemodule;
				SWIFT_OPTIMIZATION_LEVEL = "-O";
				VALIDATE_PRODUCT = YES;
			};
			name = Release;
		};
		50A833CE25937B1C00554D6D /* Debug */ = {
			isa = XCBuildConfiguration;
			buildSettings = {
				ASSETCATALOG_COMPILER_APPICON_NAME = AppIcon;
				ASSETCATALOG_COMPILER_GLOBAL_ACCENT_COLOR_NAME = AccentColor;
				CODE_SIGN_STYLE = Automatic;
				DEVELOPMENT_ASSET_PATHS = "\"MeasurePerformance/Preview Content\"";
				DEVELOPMENT_TEAM = "";
				ENABLE_PREVIEWS = YES;
				INFOPLIST_FILE = MeasurePerformance/Info.plist;
				IPHONEOS_DEPLOYMENT_TARGET = 14.0;
				LD_RUNPATH_SEARCH_PATHS = (
					"$(inherited)",
					"@executable_path/Frameworks",
				);
				PRODUCT_BUNDLE_IDENTIFIER = vasiko.MeasurePerformance;
				PRODUCT_NAME = "$(TARGET_NAME)";
				SWIFT_VERSION = 5.0;
				TARGETED_DEVICE_FAMILY = "1,2";
			};
			name = Debug;
		};
		50A833CF25937B1C00554D6D /* Release */ = {
			isa = XCBuildConfiguration;
			buildSettings = {
				ASSETCATALOG_COMPILER_APPICON_NAME = AppIcon;
				ASSETCATALOG_COMPILER_GLOBAL_ACCENT_COLOR_NAME = AccentColor;
				CODE_SIGN_STYLE = Automatic;
				DEVELOPMENT_ASSET_PATHS = "\"MeasurePerformance/Preview Content\"";
				DEVELOPMENT_TEAM = "";
				ENABLE_PREVIEWS = YES;
				INFOPLIST_FILE = MeasurePerformance/Info.plist;
				IPHONEOS_DEPLOYMENT_TARGET = 14.0;
				LD_RUNPATH_SEARCH_PATHS = (
					"$(inherited)",
					"@executable_path/Frameworks",
				);
				PRODUCT_BUNDLE_IDENTIFIER = vasiko.MeasurePerformance;
				PRODUCT_NAME = "$(TARGET_NAME)";
				SWIFT_VERSION = 5.0;
				TARGETED_DEVICE_FAMILY = "1,2";
			};
			name = Release;
		};
		50A833D125937B1C00554D6D /* Debug */ = {
			isa = XCBuildConfiguration;
			buildSettings = {
				ALWAYS_EMBED_SWIFT_STANDARD_LIBRARIES = YES;
				BUNDLE_LOADER = "$(TEST_HOST)";
				CODE_SIGN_STYLE = Automatic;
				DEVELOPMENT_TEAM = GCK3AB5HG4;
				INFOPLIST_FILE = MeasurePerformanceTests/Info.plist;
				IPHONEOS_DEPLOYMENT_TARGET = 14.0;
				LD_RUNPATH_SEARCH_PATHS = (
					"$(inherited)",
					"@executable_path/Frameworks",
					"@loader_path/Frameworks",
				);
				PRODUCT_BUNDLE_IDENTIFIER = vasiko.MeasurePerformanceTests;
				PRODUCT_NAME = "$(TARGET_NAME)";
				SWIFT_VERSION = 5.0;
				TARGETED_DEVICE_FAMILY = "1,2";
				TEST_HOST = "$(BUILT_PRODUCTS_DIR)/MeasurePerformance.app/MeasurePerformance";
			};
			name = Debug;
		};
		50A833D225937B1C00554D6D /* Release */ = {
			isa = XCBuildConfiguration;
			buildSettings = {
				ALWAYS_EMBED_SWIFT_STANDARD_LIBRARIES = YES;
				BUNDLE_LOADER = "$(TEST_HOST)";
				CODE_SIGN_STYLE = Automatic;
				DEVELOPMENT_TEAM = GCK3AB5HG4;
				INFOPLIST_FILE = MeasurePerformanceTests/Info.plist;
				IPHONEOS_DEPLOYMENT_TARGET = 14.0;
				LD_RUNPATH_SEARCH_PATHS = (
					"$(inherited)",
					"@executable_path/Frameworks",
					"@loader_path/Frameworks",
				);
				PRODUCT_BUNDLE_IDENTIFIER = vasiko.MeasurePerformanceTests;
				PRODUCT_NAME = "$(TARGET_NAME)";
				SWIFT_VERSION = 5.0;
				TARGETED_DEVICE_FAMILY = "1,2";
				TEST_HOST = "$(BUILT_PRODUCTS_DIR)/MeasurePerformance.app/MeasurePerformance";
			};
			name = Release;
		};
		50A833D425937B1C00554D6D /* Debug */ = {
			isa = XCBuildConfiguration;
			buildSettings = {
				ALWAYS_EMBED_SWIFT_STANDARD_LIBRARIES = YES;
				CODE_SIGN_STYLE = Automatic;
				DEVELOPMENT_TEAM = GCK3AB5HG4;
				INFOPLIST_FILE = MeasurePerformanceUITests/Info.plist;
				LD_RUNPATH_SEARCH_PATHS = (
					"$(inherited)",
					"@executable_path/Frameworks",
					"@loader_path/Frameworks",
				);
				PRODUCT_BUNDLE_IDENTIFIER = vasiko.MeasurePerformanceUITests;
				PRODUCT_NAME = "$(TARGET_NAME)";
				SWIFT_VERSION = 5.0;
				TARGETED_DEVICE_FAMILY = "1,2";
				TEST_TARGET_NAME = MeasurePerformance;
			};
			name = Debug;
		};
		50A833D525937B1C00554D6D /* Release */ = {
			isa = XCBuildConfiguration;
			buildSettings = {
				ALWAYS_EMBED_SWIFT_STANDARD_LIBRARIES = YES;
				CODE_SIGN_STYLE = Automatic;
				DEVELOPMENT_TEAM = GCK3AB5HG4;
				INFOPLIST_FILE = MeasurePerformanceUITests/Info.plist;
				LD_RUNPATH_SEARCH_PATHS = (
					"$(inherited)",
					"@executable_path/Frameworks",
					"@loader_path/Frameworks",
				);
				PRODUCT_BUNDLE_IDENTIFIER = vasiko.MeasurePerformanceUITests;
				PRODUCT_NAME = "$(TARGET_NAME)";
				SWIFT_VERSION = 5.0;
				TARGETED_DEVICE_FAMILY = "1,2";
				TEST_TARGET_NAME = MeasurePerformance;
			};
			name = Release;
		};
/* End XCBuildConfiguration section */

/* Begin XCConfigurationList section */
		50A833A325937B1900554D6D /* Build configuration list for PBXProject "MeasurePerformance" */ = {
			isa = XCConfigurationList;
			buildConfigurations = (
				50A833CB25937B1C00554D6D /* Debug */,
				50A833CC25937B1C00554D6D /* Release */,
			);
			defaultConfigurationIsVisible = 0;
			defaultConfigurationName = Release;
		};
		50A833CD25937B1C00554D6D /* Build configuration list for PBXNativeTarget "MeasurePerformance" */ = {
			isa = XCConfigurationList;
			buildConfigurations = (
				50A833CE25937B1C00554D6D /* Debug */,
				50A833CF25937B1C00554D6D /* Release */,
			);
			defaultConfigurationIsVisible = 0;
			defaultConfigurationName = Release;
		};
		50A833D025937B1C00554D6D /* Build configuration list for PBXNativeTarget "MeasurePerformanceTests" */ = {
			isa = XCConfigurationList;
			buildConfigurations = (
				50A833D125937B1C00554D6D /* Debug */,
				50A833D225937B1C00554D6D /* Release */,
			);
			defaultConfigurationIsVisible = 0;
			defaultConfigurationName = Release;
		};
		50A833D325937B1C00554D6D /* Build configuration list for PBXNativeTarget "MeasurePerformanceUITests" */ = {
			isa = XCConfigurationList;
			buildConfigurations = (
				50A833D425937B1C00554D6D /* Debug */,
				50A833D525937B1C00554D6D /* Release */,
			);
			defaultConfigurationIsVisible = 0;
			defaultConfigurationName = Release;
		};
/* End XCConfigurationList section */
	};
	rootObject = 50A833A025937B1900554D6D /* Project object */;
}
